<?xml version="1.0" encoding="utf-8"?>
<Project ToolsVersion="4.0" xmlns="http://schemas.microsoft.com/developer/msbuild/2003">
  <ItemGroup>
    <Filter Include="テキスト ファイル">
      <UniqueIdentifier>{67DA6AB6-F800-4c08-8B7A-83BB121AAD01}</UniqueIdentifier>
      <Extensions>rc;ico;cur;bmp;dlg;rc2;rct;bin;rgs;gif;jpg;jpeg;jpe;resx;tiff;tif;png;wav;mfcribbon-ms</Extensions>
    </Filter>
    <Filter Include="コード ファイル">
      <UniqueIdentifier>{93995380-89BD-4b04-88EB-625FBE52EBFB}</UniqueIdentifier>
      <Extensions>h;hh;hpp;hxx;h++;hm;inl;inc;ipp;xsd</Extensions>
    </Filter>
    <Filter Include="コード ファイル\BaseSystem">
      <UniqueIdentifier>{5531f7f0-9863-46a1-9fe1-2cfb1fc0844f}</UniqueIdentifier>
    </Filter>
    <Filter Include="コード ファイル\BaseSystem\Buffer">
      <UniqueIdentifier>{a1032311-b338-4840-9a23-509fcba06277}</UniqueIdentifier>
    </Filter>
    <Filter Include="コード ファイル\BaseSystem\Camera">
      <UniqueIdentifier>{b6588edd-1cdb-4391-879c-0c8c7b71c897}</UniqueIdentifier>
    </Filter>
    <Filter Include="コード ファイル\BaseSystem\Input">
      <UniqueIdentifier>{798d88e1-7a9d-45c3-bf1a-c57f7e7da122}</UniqueIdentifier>
    </Filter>
    <Filter Include="コード ファイル\BaseSystem\Model">
      <UniqueIdentifier>{7908e291-5985-41ec-aec8-97302a053a14}</UniqueIdentifier>
    </Filter>
    <Filter Include="コード ファイル\BaseSystem\Shader">
      <UniqueIdentifier>{34362750-c34d-4da6-8483-b206c966770b}</UniqueIdentifier>
    </Filter>
    <Filter Include="コード ファイル\BaseSystem\Sprite">
      <UniqueIdentifier>{46ec40f3-bbf8-46fd-ad26-f5f32ab5c8ab}</UniqueIdentifier>
    </Filter>
    <Filter Include="コード ファイル\BaseSystem\Sprite\DrawSetting">
      <UniqueIdentifier>{ee502056-75de-457d-b95e-933ac9d63a8c}</UniqueIdentifier>
    </Filter>
    <Filter Include="コード ファイル\Global">
      <UniqueIdentifier>{0003f63f-fb25-4dd0-bb6f-83258eabc8c3}</UniqueIdentifier>
    </Filter>
    <Filter Include="コード ファイル\Scene">
      <UniqueIdentifier>{b3eefb57-b886-4a55-ab7f-d56a7a2346be}</UniqueIdentifier>
    </Filter>
    <Filter Include="コード ファイル\GameObject">
      <UniqueIdentifier>{30aaef5c-0d03-46dc-86a3-2f619db7d54e}</UniqueIdentifier>
    </Filter>
    <Filter Include="コード ファイル\GameObject\Field">
      <UniqueIdentifier>{ad252a39-41b0-42be-bc5c-cc752c9b5c15}</UniqueIdentifier>
    </Filter>
    <Filter Include="コード ファイル\BaseSystem\Model\DrawSetting">
      <UniqueIdentifier>{abba8bb9-3bb8-431e-bf40-ea86bd0d5fdd}</UniqueIdentifier>
    </Filter>
    <Filter Include="コード ファイル\GameObject\Player">
      <UniqueIdentifier>{f261034a-f7d0-4e94-936b-8257108cc98a}</UniqueIdentifier>
    </Filter>
    <Filter Include="コード ファイル\Component">
      <UniqueIdentifier>{e8bb9865-a912-4e17-bfd2-c1165d394f95}</UniqueIdentifier>
    </Filter>
    <Filter Include="コード ファイル\Component\Collision">
      <UniqueIdentifier>{113f264c-cc24-4810-86f6-5b55c7e12ae0}</UniqueIdentifier>
    </Filter>
    <Filter Include="コード ファイル\GameObject\NPC">
      <UniqueIdentifier>{2f96129e-d4ca-4d7e-8faa-4d9cae62566e}</UniqueIdentifier>
    </Filter>
    <Filter Include="コード ファイル\GameObject\NPC\TargetNPC">
      <UniqueIdentifier>{c473483d-1e76-41aa-8dbd-2fa97dc56a70}</UniqueIdentifier>
    </Filter>
    <Filter Include="コード ファイル\Component\RayCast">
      <UniqueIdentifier>{fd577ad6-a910-4645-9146-e12a7fe1450c}</UniqueIdentifier>
    </Filter>
    <Filter Include="コード ファイル\Component\MoveSystem">
      <UniqueIdentifier>{3ed1e997-ef55-43cc-859b-3ea9429791e3}</UniqueIdentifier>
    </Filter>
    <Filter Include="コード ファイル\GameObject\NPC\GuardNPC">
      <UniqueIdentifier>{cb737a93-1d4c-400a-afc9-60032c7d4e62}</UniqueIdentifier>
    </Filter>
    <Filter Include="コード ファイル\GameObject\Bullet">
      <UniqueIdentifier>{01f69b92-b5ed-410a-9f64-6dfc2f60ee1f}</UniqueIdentifier>
    </Filter>
    <Filter Include="コード ファイル\Component\Search">
      <UniqueIdentifier>{78533d31-7ff6-4773-a2dc-349e78fbfc2e}</UniqueIdentifier>
    </Filter>
  </ItemGroup>
  <ItemGroup>
    <ClCompile Include="DirectX.cpp">
      <Filter>コード ファイル\BaseSystem</Filter>
    </ClCompile>
    <ClCompile Include="Geometory.cpp">
      <Filter>コード ファイル\BaseSystem</Filter>
    </ClCompile>
    <ClCompile Include="Main.cpp">
      <Filter>コード ファイル\BaseSystem</Filter>
    </ClCompile>
    <ClCompile Include="Startup.cpp">
      <Filter>コード ファイル\BaseSystem</Filter>
    </ClCompile>
    <ClCompile Include="Texture.cpp">
      <Filter>コード ファイル\BaseSystem</Filter>
    </ClCompile>
    <ClCompile Include="MeshBuffer.cpp">
      <Filter>コード ファイル\BaseSystem\Buffer</Filter>
    </ClCompile>
    <ClCompile Include="VertexBuffer.cpp">
      <Filter>コード ファイル\BaseSystem\Buffer</Filter>
    </ClCompile>
    <ClCompile Include="Camera.cpp">
      <Filter>コード ファイル\BaseSystem\Camera</Filter>
    </ClCompile>
    <ClCompile Include="Input.cpp">
      <Filter>コード ファイル\BaseSystem\Input</Filter>
    </ClCompile>
    <ClCompile Include="Model.cpp">
      <Filter>コード ファイル\BaseSystem\Model</Filter>
    </ClCompile>
    <ClCompile Include="Model_anime.cpp">
      <Filter>コード ファイル\BaseSystem\Model</Filter>
    </ClCompile>
    <ClCompile Include="Model_check.cpp">
      <Filter>コード ファイル\BaseSystem\Model</Filter>
    </ClCompile>
    <ClCompile Include="Model_get.cpp">
      <Filter>コード ファイル\BaseSystem\Model</Filter>
    </ClCompile>
    <ClCompile Include="Model_morph.cpp">
      <Filter>コード ファイル\BaseSystem\Model</Filter>
    </ClCompile>
    <ClCompile Include="Shader.cpp">
      <Filter>コード ファイル\BaseSystem\Shader</Filter>
    </ClCompile>
    <ClCompile Include="ShaderList.cpp">
      <Filter>コード ファイル\BaseSystem\Shader</Filter>
    </ClCompile>
    <ClCompile Include="Sprite.cpp">
      <Filter>コード ファイル\BaseSystem\Sprite</Filter>
    </ClCompile>
    <ClCompile Include="SpriteDrawer.cpp">
      <Filter>コード ファイル\BaseSystem\Sprite</Filter>
    </ClCompile>
    <ClCompile Include="SpriteDrawSetting.cpp">
      <Filter>コード ファイル\BaseSystem\Sprite\DrawSetting</Filter>
    </ClCompile>
    <ClCompile Include="SpriteSetting.cpp">
      <Filter>コード ファイル\BaseSystem\Sprite\DrawSetting</Filter>
    </ClCompile>
    <ClCompile Include="SceneBase.cpp">
      <Filter>コード ファイル\Scene</Filter>
    </ClCompile>
    <ClCompile Include="SceneGame.cpp">
      <Filter>コード ファイル\Scene</Filter>
    </ClCompile>
    <ClCompile Include="SceneTitle.cpp">
      <Filter>コード ファイル\Scene</Filter>
    </ClCompile>
    <ClCompile Include="Setting.cpp">
      <Filter>コード ファイル\BaseSystem\Sprite\DrawSetting</Filter>
    </ClCompile>
    <ClCompile Include="Field.cpp">
      <Filter>コード ファイル\GameObject\Field</Filter>
    </ClCompile>
    <ClCompile Include="GameObject.cpp">
      <Filter>コード ファイル\GameObject</Filter>
    </ClCompile>
    <ClCompile Include="ModelDrawSetting.cpp">
      <Filter>コード ファイル\BaseSystem\Model\DrawSetting</Filter>
    </ClCompile>
    <ClCompile Include="Player.cpp">
      <Filter>コード ファイル\GameObject\Player</Filter>
    </ClCompile>
    <ClCompile Include="Collision.cpp">
      <Filter>コード ファイル\Component\Collision</Filter>
    </ClCompile>
    <ClCompile Include="NpcBase.cpp">
      <Filter>コード ファイル\GameObject\NPC</Filter>
    </ClCompile>
    <ClCompile Include="TargetNpc.cpp">
      <Filter>コード ファイル\GameObject\NPC\TargetNPC</Filter>
    </ClCompile>
    <ClCompile Include="Ray.cpp">
      <Filter>コード ファイル\Component\RayCast</Filter>
    </ClCompile>
    <ClCompile Include="RayCastTarget.cpp">
      <Filter>コード ファイル\Component\RayCast</Filter>
    </ClCompile>
    <ClCompile Include="MoveSystem.cpp">
      <Filter>コード ファイル\Component\MoveSystem</Filter>
    </ClCompile>
    <ClCompile Include="GuardNpc.cpp">
      <Filter>コード ファイル\GameObject\NPC\GuardNPC</Filter>
    </ClCompile>
    <ClCompile Include="VisionSearch.cpp">
      <Filter>コード ファイル\Component\Search</Filter>
    </ClCompile>
    <ClCompile Include="MovePointManager.cpp">
      <Filter>コード ファイル\Component\MoveSystem</Filter>
    </ClCompile>
    <ClCompile Include="Bullet.cpp">
      <Filter>コード ファイル\GameObject\Bullet</Filter>
    </ClCompile>
  </ItemGroup>
  <ItemGroup>
    <ClInclude Include="DirectX.h">
      <Filter>コード ファイル\BaseSystem</Filter>
    </ClInclude>
    <ClInclude Include="Geometory.h">
      <Filter>コード ファイル\BaseSystem</Filter>
    </ClInclude>
    <ClInclude Include="Main.h">
      <Filter>コード ファイル\BaseSystem</Filter>
    </ClInclude>
    <ClInclude Include="Texture.h">
      <Filter>コード ファイル\BaseSystem</Filter>
    </ClInclude>
    <ClInclude Include="MeshBuffer.h">
      <Filter>コード ファイル\BaseSystem\Buffer</Filter>
    </ClInclude>
    <ClInclude Include="VertexBuffer.h">
      <Filter>コード ファイル\BaseSystem\Buffer</Filter>
    </ClInclude>
    <ClInclude Include="Camera.h">
      <Filter>コード ファイル\BaseSystem\Camera</Filter>
    </ClInclude>
    <ClInclude Include="Input.h">
      <Filter>コード ファイル\BaseSystem\Input</Filter>
    </ClInclude>
    <ClInclude Include="Model.h">
      <Filter>コード ファイル\BaseSystem\Model</Filter>
    </ClInclude>
    <ClInclude Include="Shader.h">
      <Filter>コード ファイル\BaseSystem\Shader</Filter>
    </ClInclude>
    <ClInclude Include="ShaderList.h">
      <Filter>コード ファイル\BaseSystem\Shader</Filter>
    </ClInclude>
    <ClInclude Include="Sprite.h">
      <Filter>コード ファイル\BaseSystem\Sprite</Filter>
    </ClInclude>
    <ClInclude Include="SpriteDrawer.h">
      <Filter>コード ファイル\BaseSystem\Sprite</Filter>
    </ClInclude>
    <ClInclude Include="SpriteDrawSetting.h">
      <Filter>コード ファイル\BaseSystem\Sprite\DrawSetting</Filter>
    </ClInclude>
    <ClInclude Include="SpriteSetting.h">
      <Filter>コード ファイル\BaseSystem\Sprite\DrawSetting</Filter>
    </ClInclude>
    <ClInclude Include="Enums.h">
      <Filter>コード ファイル\Global</Filter>
    </ClInclude>
    <ClInclude Include="Defines.h">
      <Filter>コード ファイル\Global</Filter>
    </ClInclude>
    <ClInclude Include="StructMath.h">
      <Filter>コード ファイル\Global</Filter>
    </ClInclude>
    <ClInclude Include="SceneBase.h">
      <Filter>コード ファイル\Scene</Filter>
    </ClInclude>
    <ClInclude Include="SceneGame.h">
      <Filter>コード ファイル\Scene</Filter>
    </ClInclude>
    <ClInclude Include="SceneTitle.h">
      <Filter>コード ファイル\Scene</Filter>
    </ClInclude>
    <ClInclude Include="Setting.h">
      <Filter>コード ファイル\BaseSystem\Sprite\DrawSetting</Filter>
    </ClInclude>
    <ClInclude Include="Field.h">
      <Filter>コード ファイル\GameObject\Field</Filter>
    </ClInclude>
    <ClInclude Include="GameObject.h">
      <Filter>コード ファイル\GameObject</Filter>
    </ClInclude>
    <ClInclude Include="ModelDrawSetting.h">
      <Filter>コード ファイル\BaseSystem\Model\DrawSetting</Filter>
    </ClInclude>
    <ClInclude Include="Player.h">
      <Filter>コード ファイル\GameObject\Player</Filter>
    </ClInclude>
    <ClInclude Include="Collision.h">
      <Filter>コード ファイル\Component\Collision</Filter>
    </ClInclude>
    <ClInclude Include="NpcBase.h">
      <Filter>コード ファイル\GameObject\NPC</Filter>
    </ClInclude>
    <ClInclude Include="TargetNpc.h">
      <Filter>コード ファイル\GameObject\NPC\TargetNPC</Filter>
    </ClInclude>
    <ClInclude Include="Ray.h">
      <Filter>コード ファイル\Component\RayCast</Filter>
    </ClInclude>
    <ClInclude Include="RayCastTarget.h">
      <Filter>コード ファイル\Component\RayCast</Filter>
    </ClInclude>
    <ClInclude Include="MoveSystem.h">
      <Filter>コード ファイル\Component\MoveSystem</Filter>
    </ClInclude>
    <ClInclude Include="GuardNpc.h">
      <Filter>コード ファイル\GameObject\NPC\GuardNPC</Filter>
    </ClInclude>
    <ClInclude Include="VisionSearch.h">
      <Filter>コード ファイル\Component\Search</Filter>
    </ClInclude>
    <ClInclude Include="MovePointManager.h">
      <Filter>コード ファイル\Component\MoveSystem</Filter>
    </ClInclude>
    <ClInclude Include="Bullet.h">
      <Filter>コード ファイル\GameObject\Bullet</Filter>
    </ClInclude>
  </ItemGroup>
  <ItemGroup>
    <Text Include="Assets\設計\クリーンアップメモ.txt">
      <Filter>テキスト ファイル</Filter>
    </Text>
    <Text Include="Assets\設計\ゲーム設計.txt">
      <Filter>テキスト ファイル</Filter>
    </Text>
    <Text Include="Assets\設計\コードクリーンアップ規則.txt">
      <Filter>テキスト ファイル</Filter>
    </Text>
    <Text Include="Assets\設計\ハンガリアン記法.txt">
      <Filter>テキスト ファイル</Filter>
    </Text>
    <Text Include="Assets\設計\コミットメッセージ[prefix]規則.txt">
      <Filter>テキスト ファイル</Filter>
    </Text>
  </ItemGroup>
</Project>